{
  "requires": true,
  "lockfileVersion": 1,
  "dependencies": {
    "reflect-metadata": {
      "version": "0.1.12",
      "resolved": "https://registry.npmjs.org/reflect-metadata/-/reflect-metadata-0.1.12.tgz",
      "integrity": "sha512-n+IyV+nGz3+0q3/Yf1ra12KpCyi001bi4XFxSjbiWWjfqb52iTTtpGXmCCAOWWIAn9KEuFZKGqBERHmrtScZ3A=="
    },
    "rxjs": {
      "version": "6.3.1",
      "resolved": "https://registry.npmjs.org/rxjs/-/rxjs-6.3.1.tgz",
      "integrity": "sha1-h4oajGS4pdoR3PdLUDP+lEza+4Q=",
      "requires": {
        "tslib": "^1.9.0"
      }
    },
    "tslib": {
      "version": "1.9.3",
      "resolved": "https://registry.npmjs.org/tslib/-/tslib-1.9.3.tgz",
      "integrity": "sha1-1+TdeSRdhUKMTX5IIqeZF5VMooY="
    }
  }
}
